
Microsoft Visual Studio Solution File, Format Version 12.00
# Visual Studio Version 17
VisualStudioVersion = 17.0.31903.59
MinimumVisualStudioVersion = 10.0.40219.1
Project("{FAE04EC0-301F-11D3-BF4B-00C04F79EFBC}") = "plantando_bem.RazorPages", "plantando_bem.RazorPages\plantando_bem.RazorPages.csproj", "{A8E9DBF7-CC44-4330-8E68-C468EBA26910}"
EndProject
Global
	GlobalSection(SolutionConfigurationPlatforms) = preSolution
		Debug|Any CPU = Debug|Any CPU
		Release|Any CPU = Release|Any CPU
	EndGlobalSection
	GlobalSection(SolutionProperties) = preSolution
		HideSolutionNode = FALSE
	EndGlobalSection
	GlobalSection(ProjectConfigurationPlatforms) = postSolution
		{A9B3F4C2-461A-4A11-A065-7F93531869E8}.Debug|Any CPU.ActiveCfg = Debug|Any CPU
		{A9B3F4C2-461A-4A11-A065-7F93531869E8}.Debug|Any CPU.Build.0 = Debug|Any CPU
		{A9B3F4C2-461A-4A11-A065-7F93531869E8}.Release|Any CPU.ActiveCfg = Release|Any CPU
		{A9B3F4C2-461A-4A11-A065-7F93531869E8}.Release|Any CPU.Build.0 = Release|Any CPU
		{D22881D5-7019-44A2-9966-AA076D7E3E06}.Debug|Any CPU.ActiveCfg = Debug|Any CPU
		{D22881D5-7019-44A2-9966-AA076D7E3E06}.Debug|Any CPU.Build.0 = Debug|Any CPU
		{D22881D5-7019-44A2-9966-AA076D7E3E06}.Release|Any CPU.ActiveCfg = Release|Any CPU
		{D22881D5-7019-44A2-9966-AA076D7E3E06}.Release|Any CPU.Build.0 = Release|Any CPU
		{E03CA67A-19C9-44EE-99C9-2794AFDD764E}.Debug|Any CPU.ActiveCfg = Debug|Any CPU
		{E03CA67A-19C9-44EE-99C9-2794AFDD764E}.Debug|Any CPU.Build.0 = Debug|Any CPU
		{E03CA67A-19C9-44EE-99C9-2794AFDD764E}.Release|Any CPU.ActiveCfg = Release|Any CPU
		{E03CA67A-19C9-44EE-99C9-2794AFDD764E}.Release|Any CPU.Build.0 = Release|Any CPU
		{A8E9DBF7-CC44-4330-8E68-C468EBA26910}.Debug|Any CPU.ActiveCfg = Debug|Any CPU
		{A8E9DBF7-CC44-4330-8E68-C468EBA26910}.Debug|Any CPU.Build.0 = Debug|Any CPU
		{A8E9DBF7-CC44-4330-8E68-C468EBA26910}.Release|Any CPU.ActiveCfg = Release|Any CPU
		{A8E9DBF7-CC44-4330-8E68-C468EBA26910}.Release|Any CPU.Build.0 = Release|Any CPU
	EndGlobalSection
EndGlobal
